
Microsoft Visual Studio Solution File, Format Version 12.00
# Visual Studio Version 17
VisualStudioVersion = 17.14.36202.13
MinimumVisualStudioVersion = 10.0.40219.1
Project("{2150E333-8FDC-42A3-9474-1A3956D46DE8}") = "src", "src", "{02EA681E-C7D8-13C7-8484-4AC65E1B71E8}"
EndProject
Project("{2150E333-8FDC-42A3-9474-1A3956D46DE8}") = "Modules", "Modules", "{781831AE-D7FC-4A44-B91B-341F6E451CC5}"
EndProject
Project("{2150E333-8FDC-42A3-9474-1A3956D46DE8}") = "Shared", "Shared", "{ACD1E14B-4EFD-41E2-8905-68EC0E2BEB7D}"
EndProject
Project("{FAE04EC0-301F-11D3-BF4B-00C04F79EFBC}") = "Modules.Shared.Domain", "Modules.Shared.Domain\Modules.Shared.Domain.csproj", "{7C2D9087-08D9-4A3D-A97C-0CDF249F7D18}"
EndProject
Project("{FAE04EC0-301F-11D3-BF4B-00C04F79EFBC}") = "Modules.Shared.Application", "Modules.Shared.Application\Modules.Shared.Application.csproj", "{17204214-A542-4FDA-A161-304976BB0381}"
EndProject
Project("{FAE04EC0-301F-11D3-BF4B-00C04F79EFBC}") = "Modules.Shared.Infrastructure", "Modules.Shared.Infrastructure\Modules.Shared.Infrastructure.csproj", "{35F44EB8-48E7-4E1B-ACFE-AD1FA339709A}"
EndProject
Project("{2150E333-8FDC-42A3-9474-1A3956D46DE8}") = "HR", "HR", "{EDA929D7-8F02-4605-91AE-FA837C3BDFC7}"
EndProject
Project("{FAE04EC0-301F-11D3-BF4B-00C04F79EFBC}") = "HR.Domain", "HR.Domain\HR.Domain.csproj", "{34B3850C-1E44-4483-8D33-9AEF6FCF122E}"
EndProject
Project("{FAE04EC0-301F-11D3-BF4B-00C04F79EFBC}") = "HR.Application", "HR.Application\HR.Application.csproj", "{D9FCB92D-92BA-41BE-97FE-CAAE3ADB0D5E}"
EndProject
Project("{FAE04EC0-301F-11D3-BF4B-00C04F79EFBC}") = "HR.Infrastructure", "HR.Infrastructure\HR.Infrastructure.csproj", "{2EA17110-87D4-4B38-9A93-A5F608D0A056}"
EndProject
Project("{FAE04EC0-301F-11D3-BF4B-00C04F79EFBC}") = "erp_kfs.Host", "erp_kfs.Host\erp_kfs.Host.csproj", "{3DB7EE97-D6F9-46AC-A8F8-E2068C9A076E}"
EndProject
Project("{2150E333-8FDC-42A3-9474-1A3956D46DE8}") = "JobStructure", "JobStructure", "{65B3BEC1-7668-4969-9ED0-937DCC818B24}"
EndProject
Project("{2150E333-8FDC-42A3-9474-1A3956D46DE8}") = "Organization", "Organization", "{7CD92101-CA29-454A-9BA5-D088A3B4C681}"
EndProject
Project("{2150E333-8FDC-42A3-9474-1A3956D46DE8}") = "Recruitment", "Recruitment", "{5277DB92-BE30-40AC-B531-DC01F4FFD191}"
EndProject
Project("{2150E333-8FDC-42A3-9474-1A3956D46DE8}") = "Decisions", "Decisions", "{05DB2738-5763-44C9-8B43-6B52F1E13B15}"
EndProject
Project("{2150E333-8FDC-42A3-9474-1A3956D46DE8}") = "Incentives", "Incentives", "{B5CF893C-D25B-49C7-9F62-E07E2E03620B}"
EndProject
Project("{2150E333-8FDC-42A3-9474-1A3956D46DE8}") = "Geography", "Geography", "{564819E7-59D3-432F-83DF-EA7AD7E61D10}"
EndProject
Project("{2150E333-8FDC-42A3-9474-1A3956D46DE8}") = "Termination", "Termination", "{95E83FC5-416B-4D66-AD0F-AEE0B1F2D8F9}"
EndProject
Global
	GlobalSection(SolutionConfigurationPlatforms) = preSolution
		Debug|Any CPU = Debug|Any CPU
		Release|Any CPU = Release|Any CPU
	EndGlobalSection
	GlobalSection(ProjectConfigurationPlatforms) = postSolution
		{7C2D9087-08D9-4A3D-A97C-0CDF249F7D18}.Debug|Any CPU.ActiveCfg = Debug|Any CPU
		{7C2D9087-08D9-4A3D-A97C-0CDF249F7D18}.Debug|Any CPU.Build.0 = Debug|Any CPU
		{7C2D9087-08D9-4A3D-A97C-0CDF249F7D18}.Release|Any CPU.ActiveCfg = Release|Any CPU
		{7C2D9087-08D9-4A3D-A97C-0CDF249F7D18}.Release|Any CPU.Build.0 = Release|Any CPU
		{17204214-A542-4FDA-A161-304976BB0381}.Debug|Any CPU.ActiveCfg = Debug|Any CPU
		{17204214-A542-4FDA-A161-304976BB0381}.Debug|Any CPU.Build.0 = Debug|Any CPU
		{17204214-A542-4FDA-A161-304976BB0381}.Release|Any CPU.ActiveCfg = Release|Any CPU
		{17204214-A542-4FDA-A161-304976BB0381}.Release|Any CPU.Build.0 = Release|Any CPU
		{35F44EB8-48E7-4E1B-ACFE-AD1FA339709A}.Debug|Any CPU.ActiveCfg = Debug|Any CPU
		{35F44EB8-48E7-4E1B-ACFE-AD1FA339709A}.Debug|Any CPU.Build.0 = Debug|Any CPU
		{35F44EB8-48E7-4E1B-ACFE-AD1FA339709A}.Release|Any CPU.ActiveCfg = Release|Any CPU
		{35F44EB8-48E7-4E1B-ACFE-AD1FA339709A}.Release|Any CPU.Build.0 = Release|Any CPU
		{34B3850C-1E44-4483-8D33-9AEF6FCF122E}.Debug|Any CPU.ActiveCfg = Debug|Any CPU
		{34B3850C-1E44-4483-8D33-9AEF6FCF122E}.Debug|Any CPU.Build.0 = Debug|Any CPU
		{34B3850C-1E44-4483-8D33-9AEF6FCF122E}.Release|Any CPU.ActiveCfg = Release|Any CPU
		{34B3850C-1E44-4483-8D33-9AEF6FCF122E}.Release|Any CPU.Build.0 = Release|Any CPU
		{D9FCB92D-92BA-41BE-97FE-CAAE3ADB0D5E}.Debug|Any CPU.ActiveCfg = Debug|Any CPU
		{D9FCB92D-92BA-41BE-97FE-CAAE3ADB0D5E}.Debug|Any CPU.Build.0 = Debug|Any CPU
		{D9FCB92D-92BA-41BE-97FE-CAAE3ADB0D5E}.Release|Any CPU.ActiveCfg = Release|Any CPU
		{D9FCB92D-92BA-41BE-97FE-CAAE3ADB0D5E}.Release|Any CPU.Build.0 = Release|Any CPU
		{2EA17110-87D4-4B38-9A93-A5F608D0A056}.Debug|Any CPU.ActiveCfg = Debug|Any CPU
		{2EA17110-87D4-4B38-9A93-A5F608D0A056}.Debug|Any CPU.Build.0 = Debug|Any CPU
		{2EA17110-87D4-4B38-9A93-A5F608D0A056}.Release|Any CPU.ActiveCfg = Release|Any CPU
		{2EA17110-87D4-4B38-9A93-A5F608D0A056}.Release|Any CPU.Build.0 = Release|Any CPU
		{3DB7EE97-D6F9-46AC-A8F8-E2068C9A076E}.Debug|Any CPU.ActiveCfg = Debug|Any CPU
		{3DB7EE97-D6F9-46AC-A8F8-E2068C9A076E}.Debug|Any CPU.Build.0 = Debug|Any CPU
		{3DB7EE97-D6F9-46AC-A8F8-E2068C9A076E}.Release|Any CPU.ActiveCfg = Release|Any CPU
		{3DB7EE97-D6F9-46AC-A8F8-E2068C9A076E}.Release|Any CPU.Build.0 = Release|Any CPU
	EndGlobalSection
	GlobalSection(SolutionProperties) = preSolution
		HideSolutionNode = FALSE
	EndGlobalSection
	GlobalSection(NestedProjects) = preSolution
		{781831AE-D7FC-4A44-B91B-341F6E451CC5} = {02EA681E-C7D8-13C7-8484-4AC65E1B71E8}
		{ACD1E14B-4EFD-41E2-8905-68EC0E2BEB7D} = {02EA681E-C7D8-13C7-8484-4AC65E1B71E8}
		{7C2D9087-08D9-4A3D-A97C-0CDF249F7D18} = {ACD1E14B-4EFD-41E2-8905-68EC0E2BEB7D}
		{17204214-A542-4FDA-A161-304976BB0381} = {ACD1E14B-4EFD-41E2-8905-68EC0E2BEB7D}
		{35F44EB8-48E7-4E1B-ACFE-AD1FA339709A} = {ACD1E14B-4EFD-41E2-8905-68EC0E2BEB7D}
		{EDA929D7-8F02-4605-91AE-FA837C3BDFC7} = {781831AE-D7FC-4A44-B91B-341F6E451CC5}
		{34B3850C-1E44-4483-8D33-9AEF6FCF122E} = {EDA929D7-8F02-4605-91AE-FA837C3BDFC7}
		{D9FCB92D-92BA-41BE-97FE-CAAE3ADB0D5E} = {EDA929D7-8F02-4605-91AE-FA837C3BDFC7}
		{2EA17110-87D4-4B38-9A93-A5F608D0A056} = {EDA929D7-8F02-4605-91AE-FA837C3BDFC7}
		{65B3BEC1-7668-4969-9ED0-937DCC818B24} = {781831AE-D7FC-4A44-B91B-341F6E451CC5}
		{7CD92101-CA29-454A-9BA5-D088A3B4C681} = {781831AE-D7FC-4A44-B91B-341F6E451CC5}
		{5277DB92-BE30-40AC-B531-DC01F4FFD191} = {781831AE-D7FC-4A44-B91B-341F6E451CC5}
		{05DB2738-5763-44C9-8B43-6B52F1E13B15} = {781831AE-D7FC-4A44-B91B-341F6E451CC5}
		{B5CF893C-D25B-49C7-9F62-E07E2E03620B} = {781831AE-D7FC-4A44-B91B-341F6E451CC5}
		{564819E7-59D3-432F-83DF-EA7AD7E61D10} = {781831AE-D7FC-4A44-B91B-341F6E451CC5}
		{95E83FC5-416B-4D66-AD0F-AEE0B1F2D8F9} = {781831AE-D7FC-4A44-B91B-341F6E451CC5}
	EndGlobalSection
	GlobalSection(ExtensibilityGlobals) = postSolution
		SolutionGuid = {DA035E03-A8F7-4BC9-B2B5-94BE874D6B46}
	EndGlobalSection
EndGlobal
