
Microsoft Visual Studio Solution File, Format Version 12.00
# Visual Studio Version 17
VisualStudioVersion = 17.14.36202.13
MinimumVisualStudioVersion = 10.0.40219.1
Project("{2150E333-8FDC-42A3-9474-1A3956D46DE8}") = "src", "src", "{02EA681E-C7D8-13C7-8484-4AC65E1B71E8}"
EndProject
Project("{2150E333-8FDC-42A3-9474-1A3956D46DE8}") = "Modules", "Modules", "{781831AE-D7FC-4A44-B91B-341F6E451CC5}"
EndProject
Project("{2150E333-8FDC-42A3-9474-1A3956D46DE8}") = "Shared", "Shared", "{ACD1E14B-4EFD-41E2-8905-68EC0E2BEB7D}"
EndProject
Project("{FAE04EC0-301F-11D3-BF4B-00C04F79EFBC}") = "Modules.Shared.Domain", "Modules.Shared.Domain\Modules.Shared.Domain.csproj", "{7C2D9087-08D9-4A3D-A97C-0CDF249F7D18}"
EndProject
Project("{FAE04EC0-301F-11D3-BF4B-00C04F79EFBC}") = "Modules.Shared.Application", "Modules.Shared.Application\Modules.Shared.Application.csproj", "{17204214-A542-4FDA-A161-304976BB0381}"
EndProject
Project("{FAE04EC0-301F-11D3-BF4B-00C04F79EFBC}") = "Modules.Shared.Infrastructure", "Modules.Shared.Infrastructure\Modules.Shared.Infrastructure.csproj", "{35F44EB8-48E7-4E1B-ACFE-AD1FA339709A}"
EndProject
Project("{2150E333-8FDC-42A3-9474-1A3956D46DE8}") = "HR", "HR", "{EDA929D7-8F02-4605-91AE-FA837C3BDFC7}"
EndProject
Project("{FAE04EC0-301F-11D3-BF4B-00C04F79EFBC}") = "HR.Domain", "HR.Domain\HR.Domain.csproj", "{34B3850C-1E44-4483-8D33-9AEF6FCF122E}"
EndProject
Project("{FAE04EC0-301F-11D3-BF4B-00C04F79EFBC}") = "HR.Application", "HR.Application\HR.Application.csproj", "{D9FCB92D-92BA-41BE-97FE-CAAE3ADB0D5E}"
EndProject
Project("{FAE04EC0-301F-11D3-BF4B-00C04F79EFBC}") = "HR.Infrastructure", "HR.Infrastructure\HR.Infrastructure.csproj", "{2EA17110-87D4-4B38-9A93-A5F608D0A056}"
EndProject
Project("{FAE04EC0-301F-11D3-BF4B-00C04F79EFBC}") = "erp_kfs.Host", "erp_kfs.Host\erp_kfs.Host.csproj", "{3DB7EE97-D6F9-46AC-A8F8-E2068C9A076E}"
EndProject
Project("{2150E333-8FDC-42A3-9474-1A3956D46DE8}") = "Organization", "Organization", "{7CD92101-CA29-454A-9BA5-D088A3B4C681}"
EndProject
Project("{2150E333-8FDC-42A3-9474-1A3956D46DE8}") = "Geography", "Geography", "{564819E7-59D3-432F-83DF-EA7AD7E61D10}"
EndProject
Project("{2150E333-8FDC-42A3-9474-1A3956D46DE8}") = "Common", "Common", "{E2F38255-E1FE-4675-9160-CDBE08375170}"
EndProject
Project("{FAE04EC0-301F-11D3-BF4B-00C04F79EFBC}") = "Geography.Domain", "Geography.Domain\Geography.Domain.csproj", "{49458231-83EE-46D9-9A7F-6262172E3D24}"
EndProject
Project("{FAE04EC0-301F-11D3-BF4B-00C04F79EFBC}") = "Geography.Application", "Geography.Application\Geography.Application.csproj", "{96DA8490-A17B-4C05-9C75-86EE5373F1D9}"
EndProject
Project("{FAE04EC0-301F-11D3-BF4B-00C04F79EFBC}") = "Geography.Infrastructure", "Geography.Infrastructure\Geography.Infrastructure.csproj", "{E9CB663A-41E7-4FE7-9A2E-9F4363EC5ABC}"
EndProject
Project("{FAE04EC0-301F-11D3-BF4B-00C04F79EFBC}") = "Organization.Domain", "Organization.Domain\Organization.Domain.csproj", "{F34CFB29-A514-4611-9AFF-B92E3749E483}"
EndProject
Project("{FAE04EC0-301F-11D3-BF4B-00C04F79EFBC}") = "Organization.Application", "Organization.Application\Organization.Application.csproj", "{B8B37F76-BB37-433F-9490-00F48F5ADF07}"
EndProject
Project("{FAE04EC0-301F-11D3-BF4B-00C04F79EFBC}") = "Organization.Infrastructure", "Organization.Infrastructure\Organization.Infrastructure.csproj", "{8FEBE947-8D50-4695-8BE9-BDEED979E6CE}"
EndProject
Project("{FAE04EC0-301F-11D3-BF4B-00C04F79EFBC}") = "Common.Domain", "Common.Domain\Common.Domain.csproj", "{CD5EF110-50D8-4E23-B966-80A71F9A0BE6}"
EndProject
Project("{FAE04EC0-301F-11D3-BF4B-00C04F79EFBC}") = "Common.Infrastructure", "Common.Infrastructure\Common.Infrastructure.csproj", "{91C2E9AF-694E-42F7-BEEF-6AEDD2C1005B}"
EndProject
Project("{FAE04EC0-301F-11D3-BF4B-00C04F79EFBC}") = "Common.Application", "Common.Application\Common.Application.csproj", "{F5A12F66-D172-44FF-A2B9-38705178B7B6}"
EndProject
Global
	GlobalSection(SolutionConfigurationPlatforms) = preSolution
		Debug|Any CPU = Debug|Any CPU
		Release|Any CPU = Release|Any CPU
	EndGlobalSection
	GlobalSection(ProjectConfigurationPlatforms) = postSolution
		{7C2D9087-08D9-4A3D-A97C-0CDF249F7D18}.Debug|Any CPU.ActiveCfg = Debug|Any CPU
		{7C2D9087-08D9-4A3D-A97C-0CDF249F7D18}.Debug|Any CPU.Build.0 = Debug|Any CPU
		{7C2D9087-08D9-4A3D-A97C-0CDF249F7D18}.Release|Any CPU.ActiveCfg = Release|Any CPU
		{7C2D9087-08D9-4A3D-A97C-0CDF249F7D18}.Release|Any CPU.Build.0 = Release|Any CPU
		{17204214-A542-4FDA-A161-304976BB0381}.Debug|Any CPU.ActiveCfg = Debug|Any CPU
		{17204214-A542-4FDA-A161-304976BB0381}.Debug|Any CPU.Build.0 = Debug|Any CPU
		{17204214-A542-4FDA-A161-304976BB0381}.Release|Any CPU.ActiveCfg = Release|Any CPU
		{17204214-A542-4FDA-A161-304976BB0381}.Release|Any CPU.Build.0 = Release|Any CPU
		{35F44EB8-48E7-4E1B-ACFE-AD1FA339709A}.Debug|Any CPU.ActiveCfg = Debug|Any CPU
		{35F44EB8-48E7-4E1B-ACFE-AD1FA339709A}.Debug|Any CPU.Build.0 = Debug|Any CPU
		{35F44EB8-48E7-4E1B-ACFE-AD1FA339709A}.Release|Any CPU.ActiveCfg = Release|Any CPU
		{35F44EB8-48E7-4E1B-ACFE-AD1FA339709A}.Release|Any CPU.Build.0 = Release|Any CPU
		{34B3850C-1E44-4483-8D33-9AEF6FCF122E}.Debug|Any CPU.ActiveCfg = Debug|Any CPU
		{34B3850C-1E44-4483-8D33-9AEF6FCF122E}.Debug|Any CPU.Build.0 = Debug|Any CPU
		{34B3850C-1E44-4483-8D33-9AEF6FCF122E}.Release|Any CPU.ActiveCfg = Release|Any CPU
		{34B3850C-1E44-4483-8D33-9AEF6FCF122E}.Release|Any CPU.Build.0 = Release|Any CPU
		{D9FCB92D-92BA-41BE-97FE-CAAE3ADB0D5E}.Debug|Any CPU.ActiveCfg = Debug|Any CPU
		{D9FCB92D-92BA-41BE-97FE-CAAE3ADB0D5E}.Debug|Any CPU.Build.0 = Debug|Any CPU
		{D9FCB92D-92BA-41BE-97FE-CAAE3ADB0D5E}.Release|Any CPU.ActiveCfg = Release|Any CPU
		{D9FCB92D-92BA-41BE-97FE-CAAE3ADB0D5E}.Release|Any CPU.Build.0 = Release|Any CPU
		{2EA17110-87D4-4B38-9A93-A5F608D0A056}.Debug|Any CPU.ActiveCfg = Debug|Any CPU
		{2EA17110-87D4-4B38-9A93-A5F608D0A056}.Debug|Any CPU.Build.0 = Debug|Any CPU
		{2EA17110-87D4-4B38-9A93-A5F608D0A056}.Release|Any CPU.ActiveCfg = Release|Any CPU
		{2EA17110-87D4-4B38-9A93-A5F608D0A056}.Release|Any CPU.Build.0 = Release|Any CPU
		{3DB7EE97-D6F9-46AC-A8F8-E2068C9A076E}.Debug|Any CPU.ActiveCfg = Debug|Any CPU
		{3DB7EE97-D6F9-46AC-A8F8-E2068C9A076E}.Debug|Any CPU.Build.0 = Debug|Any CPU
		{3DB7EE97-D6F9-46AC-A8F8-E2068C9A076E}.Release|Any CPU.ActiveCfg = Release|Any CPU
		{3DB7EE97-D6F9-46AC-A8F8-E2068C9A076E}.Release|Any CPU.Build.0 = Release|Any CPU
		{49458231-83EE-46D9-9A7F-6262172E3D24}.Debug|Any CPU.ActiveCfg = Debug|Any CPU
		{49458231-83EE-46D9-9A7F-6262172E3D24}.Debug|Any CPU.Build.0 = Debug|Any CPU
		{49458231-83EE-46D9-9A7F-6262172E3D24}.Release|Any CPU.ActiveCfg = Release|Any CPU
		{49458231-83EE-46D9-9A7F-6262172E3D24}.Release|Any CPU.Build.0 = Release|Any CPU
		{96DA8490-A17B-4C05-9C75-86EE5373F1D9}.Debug|Any CPU.ActiveCfg = Debug|Any CPU
		{96DA8490-A17B-4C05-9C75-86EE5373F1D9}.Debug|Any CPU.Build.0 = Debug|Any CPU
		{96DA8490-A17B-4C05-9C75-86EE5373F1D9}.Release|Any CPU.ActiveCfg = Release|Any CPU
		{96DA8490-A17B-4C05-9C75-86EE5373F1D9}.Release|Any CPU.Build.0 = Release|Any CPU
		{E9CB663A-41E7-4FE7-9A2E-9F4363EC5ABC}.Debug|Any CPU.ActiveCfg = Debug|Any CPU
		{E9CB663A-41E7-4FE7-9A2E-9F4363EC5ABC}.Debug|Any CPU.Build.0 = Debug|Any CPU
		{E9CB663A-41E7-4FE7-9A2E-9F4363EC5ABC}.Release|Any CPU.ActiveCfg = Release|Any CPU
		{E9CB663A-41E7-4FE7-9A2E-9F4363EC5ABC}.Release|Any CPU.Build.0 = Release|Any CPU
		{F34CFB29-A514-4611-9AFF-B92E3749E483}.Debug|Any CPU.ActiveCfg = Debug|Any CPU
		{F34CFB29-A514-4611-9AFF-B92E3749E483}.Debug|Any CPU.Build.0 = Debug|Any CPU
		{F34CFB29-A514-4611-9AFF-B92E3749E483}.Release|Any CPU.ActiveCfg = Release|Any CPU
		{F34CFB29-A514-4611-9AFF-B92E3749E483}.Release|Any CPU.Build.0 = Release|Any CPU
		{B8B37F76-BB37-433F-9490-00F48F5ADF07}.Debug|Any CPU.ActiveCfg = Debug|Any CPU
		{B8B37F76-BB37-433F-9490-00F48F5ADF07}.Debug|Any CPU.Build.0 = Debug|Any CPU
		{B8B37F76-BB37-433F-9490-00F48F5ADF07}.Release|Any CPU.ActiveCfg = Release|Any CPU
		{B8B37F76-BB37-433F-9490-00F48F5ADF07}.Release|Any CPU.Build.0 = Release|Any CPU
		{8FEBE947-8D50-4695-8BE9-BDEED979E6CE}.Debug|Any CPU.ActiveCfg = Debug|Any CPU
		{8FEBE947-8D50-4695-8BE9-BDEED979E6CE}.Debug|Any CPU.Build.0 = Debug|Any CPU
		{8FEBE947-8D50-4695-8BE9-BDEED979E6CE}.Release|Any CPU.ActiveCfg = Release|Any CPU
		{8FEBE947-8D50-4695-8BE9-BDEED979E6CE}.Release|Any CPU.Build.0 = Release|Any CPU
		{CD5EF110-50D8-4E23-B966-80A71F9A0BE6}.Debug|Any CPU.ActiveCfg = Debug|Any CPU
		{CD5EF110-50D8-4E23-B966-80A71F9A0BE6}.Debug|Any CPU.Build.0 = Debug|Any CPU
		{CD5EF110-50D8-4E23-B966-80A71F9A0BE6}.Release|Any CPU.ActiveCfg = Release|Any CPU
		{CD5EF110-50D8-4E23-B966-80A71F9A0BE6}.Release|Any CPU.Build.0 = Release|Any CPU
		{91C2E9AF-694E-42F7-BEEF-6AEDD2C1005B}.Debug|Any CPU.ActiveCfg = Debug|Any CPU
		{91C2E9AF-694E-42F7-BEEF-6AEDD2C1005B}.Debug|Any CPU.Build.0 = Debug|Any CPU
		{91C2E9AF-694E-42F7-BEEF-6AEDD2C1005B}.Release|Any CPU.ActiveCfg = Release|Any CPU
		{91C2E9AF-694E-42F7-BEEF-6AEDD2C1005B}.Release|Any CPU.Build.0 = Release|Any CPU
		{F5A12F66-D172-44FF-A2B9-38705178B7B6}.Debug|Any CPU.ActiveCfg = Debug|Any CPU
		{F5A12F66-D172-44FF-A2B9-38705178B7B6}.Debug|Any CPU.Build.0 = Debug|Any CPU
		{F5A12F66-D172-44FF-A2B9-38705178B7B6}.Release|Any CPU.ActiveCfg = Release|Any CPU
		{F5A12F66-D172-44FF-A2B9-38705178B7B6}.Release|Any CPU.Build.0 = Release|Any CPU
	EndGlobalSection
	GlobalSection(SolutionProperties) = preSolution
		HideSolutionNode = FALSE
	EndGlobalSection
	GlobalSection(NestedProjects) = preSolution
		{781831AE-D7FC-4A44-B91B-341F6E451CC5} = {02EA681E-C7D8-13C7-8484-4AC65E1B71E8}
		{ACD1E14B-4EFD-41E2-8905-68EC0E2BEB7D} = {02EA681E-C7D8-13C7-8484-4AC65E1B71E8}
		{7C2D9087-08D9-4A3D-A97C-0CDF249F7D18} = {ACD1E14B-4EFD-41E2-8905-68EC0E2BEB7D}
		{17204214-A542-4FDA-A161-304976BB0381} = {ACD1E14B-4EFD-41E2-8905-68EC0E2BEB7D}
		{35F44EB8-48E7-4E1B-ACFE-AD1FA339709A} = {ACD1E14B-4EFD-41E2-8905-68EC0E2BEB7D}
		{EDA929D7-8F02-4605-91AE-FA837C3BDFC7} = {781831AE-D7FC-4A44-B91B-341F6E451CC5}
		{34B3850C-1E44-4483-8D33-9AEF6FCF122E} = {EDA929D7-8F02-4605-91AE-FA837C3BDFC7}
		{D9FCB92D-92BA-41BE-97FE-CAAE3ADB0D5E} = {EDA929D7-8F02-4605-91AE-FA837C3BDFC7}
		{2EA17110-87D4-4B38-9A93-A5F608D0A056} = {EDA929D7-8F02-4605-91AE-FA837C3BDFC7}
		{7CD92101-CA29-454A-9BA5-D088A3B4C681} = {781831AE-D7FC-4A44-B91B-341F6E451CC5}
		{564819E7-59D3-432F-83DF-EA7AD7E61D10} = {781831AE-D7FC-4A44-B91B-341F6E451CC5}
		{E2F38255-E1FE-4675-9160-CDBE08375170} = {781831AE-D7FC-4A44-B91B-341F6E451CC5}
		{49458231-83EE-46D9-9A7F-6262172E3D24} = {564819E7-59D3-432F-83DF-EA7AD7E61D10}
		{96DA8490-A17B-4C05-9C75-86EE5373F1D9} = {564819E7-59D3-432F-83DF-EA7AD7E61D10}
		{E9CB663A-41E7-4FE7-9A2E-9F4363EC5ABC} = {564819E7-59D3-432F-83DF-EA7AD7E61D10}
		{F34CFB29-A514-4611-9AFF-B92E3749E483} = {7CD92101-CA29-454A-9BA5-D088A3B4C681}
		{B8B37F76-BB37-433F-9490-00F48F5ADF07} = {7CD92101-CA29-454A-9BA5-D088A3B4C681}
		{8FEBE947-8D50-4695-8BE9-BDEED979E6CE} = {7CD92101-CA29-454A-9BA5-D088A3B4C681}
		{CD5EF110-50D8-4E23-B966-80A71F9A0BE6} = {E2F38255-E1FE-4675-9160-CDBE08375170}
		{91C2E9AF-694E-42F7-BEEF-6AEDD2C1005B} = {E2F38255-E1FE-4675-9160-CDBE08375170}
		{F5A12F66-D172-44FF-A2B9-38705178B7B6} = {E2F38255-E1FE-4675-9160-CDBE08375170}
	EndGlobalSection
	GlobalSection(ExtensibilityGlobals) = postSolution
		SolutionGuid = {DA035E03-A8F7-4BC9-B2B5-94BE874D6B46}
	EndGlobalSection
EndGlobal
